
Microsoft Visual Studio Solution File, Format Version 12.00
# Visual Studio Version 17
VisualStudioVersion = 17.5.002.0
MinimumVisualStudioVersion = 10.0.40219.1
Project("{9A19103F-16F7-4668-BE54-9A1E7A4F7556}") = "AIoTCommService", "AIoTCommService.csproj", "{5EA3325F-2CCD-4591-BDC2-60F681595264}"
EndProject
Global
	GlobalSection(SolutionConfigurationPlatforms) = preSolution
		Debug|Any CPU = Debug|Any CPU
		Release|Any CPU = Release|Any CPU
	EndGlobalSection
	GlobalSection(ProjectConfigurationPlatforms) = postSolution
		{5EA3325F-2CCD-4591-BDC2-60F681595264}.Debug|Any CPU.ActiveCfg = Debug|Any CPU
		{5EA3325F-2CCD-4591-BDC2-60F681595264}.Debug|Any CPU.Build.0 = Debug|Any CPU
		{5EA3325F-2CCD-4591-BDC2-60F681595264}.Release|Any CPU.ActiveCfg = Release|Any CPU
		{5EA3325F-2CCD-4591-BDC2-60F681595264}.Release|Any CPU.Build.0 = Release|Any CPU
	EndGlobalSection
	GlobalSection(SolutionProperties) = preSolution
		HideSolutionNode = FALSE
	EndGlobalSection
	GlobalSection(ExtensibilityGlobals) = postSolution
		SolutionGuid = {971A788A-23FE-4ED5-B5A8-4F15FBBD4AB3}
	EndGlobalSection
EndGlobal
