
Microsoft Visual Studio Solution File, Format Version 12.00
# Visual Studio Version 17
VisualStudioVersion = 17.5.002.0
MinimumVisualStudioVersion = 10.0.40219.1
Project("{9A19103F-16F7-4668-BE54-9A1E7A4F7556}") = "AAlarmService", "AAlarmService.csproj", "{A4CF1A97-5173-4FA4-B981-2657F317AD3C}"
EndProject
Global
	GlobalSection(SolutionConfigurationPlatforms) = preSolution
		Debug|Any CPU = Debug|Any CPU
		Release|Any CPU = Release|Any CPU
	EndGlobalSection
	GlobalSection(ProjectConfigurationPlatforms) = postSolution
		{A4CF1A97-5173-4FA4-B981-2657F317AD3C}.Debug|Any CPU.ActiveCfg = Debug|Any CPU
		{A4CF1A97-5173-4FA4-B981-2657F317AD3C}.Debug|Any CPU.Build.0 = Debug|Any CPU
		{A4CF1A97-5173-4FA4-B981-2657F317AD3C}.Release|Any CPU.ActiveCfg = Release|Any CPU
		{A4CF1A97-5173-4FA4-B981-2657F317AD3C}.Release|Any CPU.Build.0 = Release|Any CPU
	EndGlobalSection
	GlobalSection(SolutionProperties) = preSolution
		HideSolutionNode = FALSE
	EndGlobalSection
	GlobalSection(ExtensibilityGlobals) = postSolution
		SolutionGuid = {89B7D0F9-EA7F-42A7-BD61-686A33D78BE1}
	EndGlobalSection
EndGlobal
